// !$*UTF8*$!
{
	archiveVersion = 1;
	classes = {
	};
	objectVersion = 56;
	objects = {

/* Begin PBXBuildFile section */
		143412F32C42980200F48889 /* Endpoint.swift in Sources */ = {isa = PBXBuildFile; fileRef = 143412F22C42980200F48889 /* Endpoint.swift */; };
		143412F62C42C61500F48889 /* NetworkService.swift in Sources */ = {isa = PBXBuildFile; fileRef = 143412F52C42C61500F48889 /* NetworkService.swift */; };
		14458D482C47CC6D009C5912 /* NetworkError.swift in Sources */ = {isa = PBXBuildFile; fileRef = 14458D472C47CC6D009C5912 /* NetworkError.swift */; };
		14458D4B2C492543009C5912 /* CharactersResult.swift in Sources */ = {isa = PBXBuildFile; fileRef = 14458D4A2C492543009C5912 /* CharactersResult.swift */; };
		14458D4D2C4FA63E009C5912 /* Episode.swift in Sources */ = {isa = PBXBuildFile; fileRef = 14458D4C2C4FA63E009C5912 /* Episode.swift */; };
		14458D502C5FD588009C5912 /* UIScrollView_InfiniteScroll in Frameworks */ = {isa = PBXBuildFile; productRef = 14458D4F2C5FD588009C5912 /* UIScrollView_InfiniteScroll */; };
		14458D522C63D7A8009C5912 /* DetailViewController.swift in Sources */ = {isa = PBXBuildFile; fileRef = 14458D512C63D7A8009C5912 /* DetailViewController.swift */; };
		14458D552C63DBDC009C5912 /* DetailViewModel.swift in Sources */ = {isa = PBXBuildFile; fileRef = 14458D542C63DBDC009C5912 /* DetailViewModel.swift */; };
		14458D572C63DC21009C5912 /* DetailAssemblyBuilder.swift in Sources */ = {isa = PBXBuildFile; fileRef = 14458D562C63DC21009C5912 /* DetailAssemblyBuilder.swift */; };
		14458D592C651E84009C5912 /* DetailCoordinator.swift in Sources */ = {isa = PBXBuildFile; fileRef = 14458D582C651E84009C5912 /* DetailCoordinator.swift */; };
		14458D5C2C6526F1009C5912 /* DetailUI.swift in Sources */ = {isa = PBXBuildFile; fileRef = 14458D5B2C6526F1009C5912 /* DetailUI.swift */; };
		14458D602C679553009C5912 /* InfoTableViewCell.swift in Sources */ = {isa = PBXBuildFile; fileRef = 14458D5F2C679553009C5912 /* InfoTableViewCell.swift */; };
		14458D642C6CE649009C5912 /* CharacterCellViewModel.swift in Sources */ = {isa = PBXBuildFile; fileRef = 14458D632C6CE649009C5912 /* CharacterCellViewModel.swift */; };
		14A2CA722C763338008A7AFD /* FavoritesUI.swift in Sources */ = {isa = PBXBuildFile; fileRef = 14A2CA712C763338008A7AFD /* FavoritesUI.swift */; };
		14A2CA7B2C7784B5008A7AFD /* CoreDataModel.xcdatamodeld in Sources */ = {isa = PBXBuildFile; fileRef = 14A2CA792C7784B5008A7AFD /* CoreDataModel.xcdatamodeld */; };
		14A2CA872C788F7D008A7AFD /* CharactersDataSource.swift in Sources */ = {isa = PBXBuildFile; fileRef = 14A2CA862C788F7D008A7AFD /* CharactersDataSource.swift */; };
		14A2CA892C789044008A7AFD /* CharactersDataSourceImpl.swift in Sources */ = {isa = PBXBuildFile; fileRef = 14A2CA882C789044008A7AFD /* CharactersDataSourceImpl.swift */; };
		14A2CA962C78AC0B008A7AFD /* CharacterEntity+CoreDataClass.swift in Sources */ = {isa = PBXBuildFile; fileRef = 14A2CA922C78AC0B008A7AFD /* CharacterEntity+CoreDataClass.swift */; };
		14A2CA9F2C78C68B008A7AFD /* CharactersRepository.swift in Sources */ = {isa = PBXBuildFile; fileRef = 14A2CA9E2C78C68B008A7AFD /* CharactersRepository.swift */; };
		14A2CAA12C78C76C008A7AFD /* CharactersError.swift in Sources */ = {isa = PBXBuildFile; fileRef = 14A2CAA02C78C76C008A7AFD /* CharactersError.swift */; };
		14A2CAA32C78CC8B008A7AFD /* CharactersRepositoryImpl.swift in Sources */ = {isa = PBXBuildFile; fileRef = 14A2CAA22C78CC8B008A7AFD /* CharactersRepositoryImpl.swift */; };
		14A2CAA62C7A0976008A7AFD /* CharacterEntity+CoreDataProperties.swift in Sources */ = {isa = PBXBuildFile; fileRef = 14A2CAA42C7A0976008A7AFD /* CharacterEntity+CoreDataProperties.swift */; };
		14A2CAAA2C7A0A3B008A7AFD /* LocationEntity+CoreDataClass.swift in Sources */ = {isa = PBXBuildFile; fileRef = 14A2CAA82C7A0A3B008A7AFD /* LocationEntity+CoreDataClass.swift */; };
		14A2CAAB2C7A0A3B008A7AFD /* LocationEntity+CoreDataProperties.swift in Sources */ = {isa = PBXBuildFile; fileRef = 14A2CAA92C7A0A3B008A7AFD /* LocationEntity+CoreDataProperties.swift */; };
		14BC61AC2C316D4A007EDA07 /* AppDelegate.swift in Sources */ = {isa = PBXBuildFile; fileRef = 14BC61AB2C316D4A007EDA07 /* AppDelegate.swift */; };
		14BC61AE2C316D4A007EDA07 /* SceneDelegate.swift in Sources */ = {isa = PBXBuildFile; fileRef = 14BC61AD2C316D4A007EDA07 /* SceneDelegate.swift */; };
		14BC61B52C316D4C007EDA07 /* Assets.xcassets in Resources */ = {isa = PBXBuildFile; fileRef = 14BC61B42C316D4C007EDA07 /* Assets.xcassets */; };
		14BC61B82C316D4C007EDA07 /* Base in Resources */ = {isa = PBXBuildFile; fileRef = 14BC61B72C316D4C007EDA07 /* Base */; };
		14BC61C32C31A61C007EDA07 /* Coordinator.swift in Sources */ = {isa = PBXBuildFile; fileRef = 14BC61C22C31A61C007EDA07 /* Coordinator.swift */; };
		14BC61C52C31A673007EDA07 /* AppCoordinator.swift in Sources */ = {isa = PBXBuildFile; fileRef = 14BC61C42C31A673007EDA07 /* AppCoordinator.swift */; };
		14BC61CA2C31B465007EDA07 /* CharactersViewController.swift in Sources */ = {isa = PBXBuildFile; fileRef = 14BC61C92C31B465007EDA07 /* CharactersViewController.swift */; };
		14BC61CC2C31B473007EDA07 /* CharactersCoordinator.swift in Sources */ = {isa = PBXBuildFile; fileRef = 14BC61CB2C31B473007EDA07 /* CharactersCoordinator.swift */; };
		14BC61CE2C31B480007EDA07 /* CharactersViewModel.swift in Sources */ = {isa = PBXBuildFile; fileRef = 14BC61CD2C31B480007EDA07 /* CharactersViewModel.swift */; };
		14BC61D02C31B4F6007EDA07 /* FavouritesCoordinator.swift in Sources */ = {isa = PBXBuildFile; fileRef = 14BC61CF2C31B4F6007EDA07 /* FavouritesCoordinator.swift */; };
		14BC61D22C31B504007EDA07 /* FavoritesViewModel.swift in Sources */ = {isa = PBXBuildFile; fileRef = 14BC61D12C31B504007EDA07 /* FavoritesViewModel.swift */; };
		14BC61D42C31B514007EDA07 /* FavoritesViewContorller.swift in Sources */ = {isa = PBXBuildFile; fileRef = 14BC61D32C31B514007EDA07 /* FavoritesViewContorller.swift */; };
		14BC61D62C31BD12007EDA07 /* LaunchCoordinator.swift in Sources */ = {isa = PBXBuildFile; fileRef = 14BC61D52C31BD12007EDA07 /* LaunchCoordinator.swift */; };
		14BC61DA2C3328CC007EDA07 /* AssemblyBuilder.swift in Sources */ = {isa = PBXBuildFile; fileRef = 14BC61D92C3328CC007EDA07 /* AssemblyBuilder.swift */; };
		14BC61DC2C332900007EDA07 /* LauchAssemblyBuilder.swift in Sources */ = {isa = PBXBuildFile; fileRef = 14BC61DB2C332900007EDA07 /* LauchAssemblyBuilder.swift */; };
		14BC61E22C38814D007EDA07 /* Dependencies.swift in Sources */ = {isa = PBXBuildFile; fileRef = 14BC61E12C38814D007EDA07 /* Dependencies.swift */; };
		14BC61E42C3881ED007EDA07 /* LaunchViewController.swift in Sources */ = {isa = PBXBuildFile; fileRef = 14BC61E32C3881ED007EDA07 /* LaunchViewController.swift */; };
		14BC61E62C3990C0007EDA07 /* ModuleContainer.swift in Sources */ = {isa = PBXBuildFile; fileRef = 14BC61E52C3990C0007EDA07 /* ModuleContainer.swift */; };
		14BC61E82C39AB55007EDA07 /* Constants.swift in Sources */ = {isa = PBXBuildFile; fileRef = 14BC61E72C39AB55007EDA07 /* Constants.swift */; };
		14BC61EA2C3AB355007EDA07 /* MainTabBarCoordinator.swift in Sources */ = {isa = PBXBuildFile; fileRef = 14BC61E92C3AB355007EDA07 /* MainTabBarCoordinator.swift */; };
		14BC61EF2C3AB75A007EDA07 /* MainTabBarController.swift in Sources */ = {isa = PBXBuildFile; fileRef = 14BC61EE2C3AB75A007EDA07 /* MainTabBarController.swift */; };
		14BC61F12C3AD0E5007EDA07 /* FavoritesAssemblyBuilder.swift in Sources */ = {isa = PBXBuildFile; fileRef = 14BC61F02C3AD0E5007EDA07 /* FavoritesAssemblyBuilder.swift */; };
		14BC61F32C3AD0F9007EDA07 /* CharactersAssemblyBuilder.swift in Sources */ = {isa = PBXBuildFile; fileRef = 14BC61F22C3AD0F9007EDA07 /* CharactersAssemblyBuilder.swift */; };
		14EC44F52C3C1E290076AC4D /* CharactersUI.swift in Sources */ = {isa = PBXBuildFile; fileRef = 14EC44F42C3C1E290076AC4D /* CharactersUI.swift */; };
		14EC44F82C3EE6AF0076AC4D /* CharacterCell.swift in Sources */ = {isa = PBXBuildFile; fileRef = 14EC44F72C3EE6AF0076AC4D /* CharacterCell.swift */; };
		14FAAE0E2C7E02DD0031A055 /* NetworkServiceTests.swift in Sources */ = {isa = PBXBuildFile; fileRef = 14FAAE0D2C7E02DD0031A055 /* NetworkServiceTests.swift */; };
		14FAAE162C7E39B90031A055 /* ImageCacheService.swift in Sources */ = {isa = PBXBuildFile; fileRef = 14FAAE152C7E39B90031A055 /* ImageCacheService.swift */; };
		14FAAE1C2C8097970031A055 /* CharactersViewModelTests.swift in Sources */ = {isa = PBXBuildFile; fileRef = 14FAAE1B2C8097970031A055 /* CharactersViewModelTests.swift */; };
/* End PBXBuildFile section */

/* Begin PBXContainerItemProxy section */
		14FAAE0F2C7E02DD0031A055 /* PBXContainerItemProxy */ = {
			isa = PBXContainerItemProxy;
			containerPortal = 14BC61A02C316D4A007EDA07 /* Project object */;
			proxyType = 1;
			remoteGlobalIDString = 14BC61A72C316D4A007EDA07;
			remoteInfo = RickAndMortyApp;
		};
/* End PBXContainerItemProxy section */

/* Begin PBXFileReference section */
		143412F22C42980200F48889 /* Endpoint.swift */ = {isa = PBXFileReference; lastKnownFileType = sourcecode.swift; path = Endpoint.swift; sourceTree = "<group>"; };
		143412F52C42C61500F48889 /* NetworkService.swift */ = {isa = PBXFileReference; lastKnownFileType = sourcecode.swift; path = NetworkService.swift; sourceTree = "<group>"; };
		14458D472C47CC6D009C5912 /* NetworkError.swift */ = {isa = PBXFileReference; lastKnownFileType = sourcecode.swift; path = NetworkError.swift; sourceTree = "<group>"; };
		14458D4A2C492543009C5912 /* CharactersResult.swift */ = {isa = PBXFileReference; lastKnownFileType = sourcecode.swift; path = CharactersResult.swift; sourceTree = "<group>"; };
		14458D4C2C4FA63E009C5912 /* Episode.swift */ = {isa = PBXFileReference; lastKnownFileType = sourcecode.swift; path = Episode.swift; sourceTree = "<group>"; };
		14458D512C63D7A8009C5912 /* DetailViewController.swift */ = {isa = PBXFileReference; lastKnownFileType = sourcecode.swift; path = DetailViewController.swift; sourceTree = "<group>"; };
		14458D542C63DBDC009C5912 /* DetailViewModel.swift */ = {isa = PBXFileReference; lastKnownFileType = sourcecode.swift; path = DetailViewModel.swift; sourceTree = "<group>"; };
		14458D562C63DC21009C5912 /* DetailAssemblyBuilder.swift */ = {isa = PBXFileReference; lastKnownFileType = sourcecode.swift; path = DetailAssemblyBuilder.swift; sourceTree = "<group>"; };
		14458D582C651E84009C5912 /* DetailCoordinator.swift */ = {isa = PBXFileReference; lastKnownFileType = sourcecode.swift; path = DetailCoordinator.swift; sourceTree = "<group>"; };
		14458D5B2C6526F1009C5912 /* DetailUI.swift */ = {isa = PBXFileReference; lastKnownFileType = sourcecode.swift; path = DetailUI.swift; sourceTree = "<group>"; };
		14458D5F2C679553009C5912 /* InfoTableViewCell.swift */ = {isa = PBXFileReference; lastKnownFileType = sourcecode.swift; path = InfoTableViewCell.swift; sourceTree = "<group>"; };
		14458D632C6CE649009C5912 /* CharacterCellViewModel.swift */ = {isa = PBXFileReference; lastKnownFileType = sourcecode.swift; path = CharacterCellViewModel.swift; sourceTree = "<group>"; };
		14A2CA712C763338008A7AFD /* FavoritesUI.swift */ = {isa = PBXFileReference; lastKnownFileType = sourcecode.swift; path = FavoritesUI.swift; sourceTree = "<group>"; };
		14A2CA7A2C7784B5008A7AFD /* CoreDataModel.xcdatamodel */ = {isa = PBXFileReference; lastKnownFileType = wrapper.xcdatamodel; path = CoreDataModel.xcdatamodel; sourceTree = "<group>"; };
		14A2CA862C788F7D008A7AFD /* CharactersDataSource.swift */ = {isa = PBXFileReference; lastKnownFileType = sourcecode.swift; path = CharactersDataSource.swift; sourceTree = "<group>"; };
		14A2CA882C789044008A7AFD /* CharactersDataSourceImpl.swift */ = {isa = PBXFileReference; lastKnownFileType = sourcecode.swift; path = CharactersDataSourceImpl.swift; sourceTree = "<group>"; };
		14A2CA922C78AC0B008A7AFD /* CharacterEntity+CoreDataClass.swift */ = {isa = PBXFileReference; lastKnownFileType = sourcecode.swift; path = "CharacterEntity+CoreDataClass.swift"; sourceTree = SOURCE_ROOT; };
		14A2CA9E2C78C68B008A7AFD /* CharactersRepository.swift */ = {isa = PBXFileReference; lastKnownFileType = sourcecode.swift; path = CharactersRepository.swift; sourceTree = "<group>"; };
		14A2CAA02C78C76C008A7AFD /* CharactersError.swift */ = {isa = PBXFileReference; lastKnownFileType = sourcecode.swift; path = CharactersError.swift; sourceTree = "<group>"; };
		14A2CAA22C78CC8B008A7AFD /* CharactersRepositoryImpl.swift */ = {isa = PBXFileReference; lastKnownFileType = sourcecode.swift; path = CharactersRepositoryImpl.swift; sourceTree = "<group>"; };
		14A2CAA42C7A0976008A7AFD /* CharacterEntity+CoreDataProperties.swift */ = {isa = PBXFileReference; lastKnownFileType = sourcecode.swift; name = "CharacterEntity+CoreDataProperties.swift"; path = "RickAndMortyApp/PersistenceModel/CharacterEntity+CoreDataProperties.swift"; sourceTree = SOURCE_ROOT; };
		14A2CAA82C7A0A3B008A7AFD /* LocationEntity+CoreDataClass.swift */ = {isa = PBXFileReference; lastKnownFileType = sourcecode.swift; path = "LocationEntity+CoreDataClass.swift"; sourceTree = SOURCE_ROOT; };
		14A2CAA92C7A0A3B008A7AFD /* LocationEntity+CoreDataProperties.swift */ = {isa = PBXFileReference; lastKnownFileType = sourcecode.swift; path = "LocationEntity+CoreDataProperties.swift"; sourceTree = SOURCE_ROOT; };
		14BC61A82C316D4A007EDA07 /* RickAndMortyApp.app */ = {isa = PBXFileReference; explicitFileType = wrapper.application; includeInIndex = 0; path = RickAndMortyApp.app; sourceTree = BUILT_PRODUCTS_DIR; };
		14BC61AB2C316D4A007EDA07 /* AppDelegate.swift */ = {isa = PBXFileReference; lastKnownFileType = sourcecode.swift; path = AppDelegate.swift; sourceTree = "<group>"; };
		14BC61AD2C316D4A007EDA07 /* SceneDelegate.swift */ = {isa = PBXFileReference; lastKnownFileType = sourcecode.swift; path = SceneDelegate.swift; sourceTree = "<group>"; };
		14BC61B42C316D4C007EDA07 /* Assets.xcassets */ = {isa = PBXFileReference; lastKnownFileType = folder.assetcatalog; path = Assets.xcassets; sourceTree = "<group>"; };
		14BC61B72C316D4C007EDA07 /* Base */ = {isa = PBXFileReference; lastKnownFileType = file.storyboard; name = Base; path = Base.lproj/LaunchScreen.storyboard; sourceTree = "<group>"; };
		14BC61B92C316D4C007EDA07 /* Info.plist */ = {isa = PBXFileReference; lastKnownFileType = text.plist.xml; path = Info.plist; sourceTree = "<group>"; };
		14BC61C22C31A61C007EDA07 /* Coordinator.swift */ = {isa = PBXFileReference; lastKnownFileType = sourcecode.swift; path = Coordinator.swift; sourceTree = "<group>"; };
		14BC61C42C31A673007EDA07 /* AppCoordinator.swift */ = {isa = PBXFileReference; lastKnownFileType = sourcecode.swift; path = AppCoordinator.swift; sourceTree = "<group>"; };
		14BC61C92C31B465007EDA07 /* CharactersViewController.swift */ = {isa = PBXFileReference; lastKnownFileType = sourcecode.swift; path = CharactersViewController.swift; sourceTree = "<group>"; };
		14BC61CB2C31B473007EDA07 /* CharactersCoordinator.swift */ = {isa = PBXFileReference; lastKnownFileType = sourcecode.swift; path = CharactersCoordinator.swift; sourceTree = "<group>"; };
		14BC61CD2C31B480007EDA07 /* CharactersViewModel.swift */ = {isa = PBXFileReference; lastKnownFileType = sourcecode.swift; path = CharactersViewModel.swift; sourceTree = "<group>"; };
		14BC61CF2C31B4F6007EDA07 /* FavouritesCoordinator.swift */ = {isa = PBXFileReference; lastKnownFileType = sourcecode.swift; path = FavouritesCoordinator.swift; sourceTree = "<group>"; };
		14BC61D12C31B504007EDA07 /* FavoritesViewModel.swift */ = {isa = PBXFileReference; lastKnownFileType = sourcecode.swift; path = FavoritesViewModel.swift; sourceTree = "<group>"; };
		14BC61D32C31B514007EDA07 /* FavoritesViewContorller.swift */ = {isa = PBXFileReference; lastKnownFileType = sourcecode.swift; path = FavoritesViewContorller.swift; sourceTree = "<group>"; };
		14BC61D52C31BD12007EDA07 /* LaunchCoordinator.swift */ = {isa = PBXFileReference; lastKnownFileType = sourcecode.swift; path = LaunchCoordinator.swift; sourceTree = "<group>"; };
		14BC61D92C3328CC007EDA07 /* AssemblyBuilder.swift */ = {isa = PBXFileReference; lastKnownFileType = sourcecode.swift; path = AssemblyBuilder.swift; sourceTree = "<group>"; };
		14BC61DB2C332900007EDA07 /* LauchAssemblyBuilder.swift */ = {isa = PBXFileReference; lastKnownFileType = sourcecode.swift; path = LauchAssemblyBuilder.swift; sourceTree = "<group>"; };
		14BC61E12C38814D007EDA07 /* Dependencies.swift */ = {isa = PBXFileReference; lastKnownFileType = sourcecode.swift; path = Dependencies.swift; sourceTree = "<group>"; };
		14BC61E32C3881ED007EDA07 /* LaunchViewController.swift */ = {isa = PBXFileReference; lastKnownFileType = sourcecode.swift; path = LaunchViewController.swift; sourceTree = "<group>"; };
		14BC61E52C3990C0007EDA07 /* ModuleContainer.swift */ = {isa = PBXFileReference; lastKnownFileType = sourcecode.swift; path = ModuleContainer.swift; sourceTree = "<group>"; };
		14BC61E72C39AB55007EDA07 /* Constants.swift */ = {isa = PBXFileReference; lastKnownFileType = sourcecode.swift; path = Constants.swift; sourceTree = "<group>"; };
		14BC61E92C3AB355007EDA07 /* MainTabBarCoordinator.swift */ = {isa = PBXFileReference; lastKnownFileType = sourcecode.swift; path = MainTabBarCoordinator.swift; sourceTree = "<group>"; };
		14BC61EE2C3AB75A007EDA07 /* MainTabBarController.swift */ = {isa = PBXFileReference; lastKnownFileType = sourcecode.swift; path = MainTabBarController.swift; sourceTree = "<group>"; };
		14BC61F02C3AD0E5007EDA07 /* FavoritesAssemblyBuilder.swift */ = {isa = PBXFileReference; lastKnownFileType = sourcecode.swift; path = FavoritesAssemblyBuilder.swift; sourceTree = "<group>"; };
		14BC61F22C3AD0F9007EDA07 /* CharactersAssemblyBuilder.swift */ = {isa = PBXFileReference; lastKnownFileType = sourcecode.swift; path = CharactersAssemblyBuilder.swift; sourceTree = "<group>"; };
		14EC44F42C3C1E290076AC4D /* CharactersUI.swift */ = {isa = PBXFileReference; lastKnownFileType = sourcecode.swift; path = CharactersUI.swift; sourceTree = "<group>"; };
		14EC44F72C3EE6AF0076AC4D /* CharacterCell.swift */ = {isa = PBXFileReference; lastKnownFileType = sourcecode.swift; path = CharacterCell.swift; sourceTree = "<group>"; };
		14FAAE0B2C7E02DD0031A055 /* RickAndMortyAppTests.xctest */ = {isa = PBXFileReference; explicitFileType = wrapper.cfbundle; includeInIndex = 0; path = RickAndMortyAppTests.xctest; sourceTree = BUILT_PRODUCTS_DIR; };
		14FAAE0D2C7E02DD0031A055 /* NetworkServiceTests.swift */ = {isa = PBXFileReference; lastKnownFileType = sourcecode.swift; path = NetworkServiceTests.swift; sourceTree = "<group>"; };
		14FAAE152C7E39B90031A055 /* ImageCacheService.swift */ = {isa = PBXFileReference; lastKnownFileType = sourcecode.swift; path = ImageCacheService.swift; sourceTree = "<group>"; };
		14FAAE1B2C8097970031A055 /* CharactersViewModelTests.swift */ = {isa = PBXFileReference; lastKnownFileType = sourcecode.swift; path = CharactersViewModelTests.swift; sourceTree = "<group>"; };
/* End PBXFileReference section */

/* Begin PBXFrameworksBuildPhase section */
		14BC61A52C316D4A007EDA07 /* Frameworks */ = {
			isa = PBXFrameworksBuildPhase;
			buildActionMask = 2147483647;
			files = (
				14458D502C5FD588009C5912 /* UIScrollView_InfiniteScroll in Frameworks */,
			);
			runOnlyForDeploymentPostprocessing = 0;
		};
		14FAAE082C7E02DD0031A055 /* Frameworks */ = {
			isa = PBXFrameworksBuildPhase;
			buildActionMask = 2147483647;
			files = (
			);
			runOnlyForDeploymentPostprocessing = 0;
		};
/* End PBXFrameworksBuildPhase section */

/* Begin PBXGroup section */
		143412F12C4297EA00F48889 /* Endpoint */ = {
			isa = PBXGroup;
			children = (
				143412F22C42980200F48889 /* Endpoint.swift */,
			);
			path = Endpoint;
			sourceTree = "<group>";
		};
		143412F42C42C5ED00F48889 /* Network Service */ = {
			isa = PBXGroup;
			children = (
				143412F52C42C61500F48889 /* NetworkService.swift */,
				14458D472C47CC6D009C5912 /* NetworkError.swift */,
			);
			path = "Network Service";
			sourceTree = "<group>";
		};
		14458D492C49251F009C5912 /* Model */ = {
			isa = PBXGroup;
			children = (
				14458D4A2C492543009C5912 /* CharactersResult.swift */,
				14458D4C2C4FA63E009C5912 /* Episode.swift */,
			);
			path = Model;
			sourceTree = "<group>";
		};
		14458D532C63DB90009C5912 /* CharacterDetail */ = {
			isa = PBXGroup;
			children = (
				14458D562C63DC21009C5912 /* DetailAssemblyBuilder.swift */,
				14458D542C63DBDC009C5912 /* DetailViewModel.swift */,
				14458D512C63D7A8009C5912 /* DetailViewController.swift */,
				14458D5A2C6526E2009C5912 /* View */,
			);
			path = CharacterDetail;
			sourceTree = "<group>";
		};
		14458D5A2C6526E2009C5912 /* View */ = {
			isa = PBXGroup;
			children = (
				14458D5B2C6526F1009C5912 /* DetailUI.swift */,
				14458D5F2C679553009C5912 /* InfoTableViewCell.swift */,
			);
			path = View;
			sourceTree = "<group>";
		};
		14A2CA732C76333E008A7AFD /* View */ = {
			isa = PBXGroup;
			children = (
				14BC61D32C31B514007EDA07 /* FavoritesViewContorller.swift */,
				14A2CA712C763338008A7AFD /* FavoritesUI.swift */,
			);
			path = View;
			sourceTree = "<group>";
		};
		14A2CA742C764C7A008A7AFD /* Service */ = {
			isa = PBXGroup;
			children = (
				14FAAE142C7E399D0031A055 /* ImageCache */,
				14A2CA852C788F13008A7AFD /* CharactersDataSource */,
				143412F42C42C5ED00F48889 /* Network Service */,
			);
			path = Service;
			sourceTree = "<group>";
		};
		14A2CA842C779A59008A7AFD /* PersistenceModel */ = {
			isa = PBXGroup;
			children = (
				14A2CA922C78AC0B008A7AFD /* CharacterEntity+CoreDataClass.swift */,
				14A2CAA42C7A0976008A7AFD /* CharacterEntity+CoreDataProperties.swift */,
				14A2CAA82C7A0A3B008A7AFD /* LocationEntity+CoreDataClass.swift */,
				14A2CAA92C7A0A3B008A7AFD /* LocationEntity+CoreDataProperties.swift */,
			);
			path = PersistenceModel;
			sourceTree = "<group>";
		};
		14A2CA852C788F13008A7AFD /* CharactersDataSource */ = {
			isa = PBXGroup;
			children = (
				14A2CA862C788F7D008A7AFD /* CharactersDataSource.swift */,
				14A2CA882C789044008A7AFD /* CharactersDataSourceImpl.swift */,
				14A2CA9E2C78C68B008A7AFD /* CharactersRepository.swift */,
				14A2CAA22C78CC8B008A7AFD /* CharactersRepositoryImpl.swift */,
				14A2CAA02C78C76C008A7AFD /* CharactersError.swift */,
			);
			path = CharactersDataSource;
			sourceTree = "<group>";
		};
		14BC619F2C316D4A007EDA07 = {
			isa = PBXGroup;
			children = (
				14BC61AA2C316D4A007EDA07 /* RickAndMortyApp */,
				14FAAE0C2C7E02DD0031A055 /* RickAndMortyAppTests */,
				14BC61A92C316D4A007EDA07 /* Products */,
			);
			sourceTree = "<group>";
		};
		14BC61A92C316D4A007EDA07 /* Products */ = {
			isa = PBXGroup;
			children = (
				14BC61A82C316D4A007EDA07 /* RickAndMortyApp.app */,
				14FAAE0B2C7E02DD0031A055 /* RickAndMortyAppTests.xctest */,
			);
			name = Products;
			sourceTree = "<group>";
		};
		14BC61AA2C316D4A007EDA07 /* RickAndMortyApp */ = {
			isa = PBXGroup;
			children = (
				14A2CA742C764C7A008A7AFD /* Service */,
				143412F12C4297EA00F48889 /* Endpoint */,
				14BC61E02C38812A007EDA07 /* Dependencies */,
				14BC61DE2C3867FF007EDA07 /* Coordinators */,
				14BC61DF2C38684C007EDA07 /* Module */,
				14BC61C12C31A5FF007EDA07 /* Protocols */,
				14A2CA842C779A59008A7AFD /* PersistenceModel */,
				14458D492C49251F009C5912 /* Model */,
				14BC61DD2C38663E007EDA07 /* Supporting files */,
			);
			path = RickAndMortyApp;
			sourceTree = "<group>";
		};
		14BC61C12C31A5FF007EDA07 /* Protocols */ = {
			isa = PBXGroup;
			children = (
				14BC61D92C3328CC007EDA07 /* AssemblyBuilder.swift */,
			);
			path = Protocols;
			sourceTree = "<group>";
		};
		14BC61C62C31B39E007EDA07 /* Launch */ = {
			isa = PBXGroup;
			children = (
				14BC61DB2C332900007EDA07 /* LauchAssemblyBuilder.swift */,
				14BC61E32C3881ED007EDA07 /* LaunchViewController.swift */,
			);
			path = Launch;
			sourceTree = "<group>";
		};
		14BC61C72C31B3BF007EDA07 /* Characters */ = {
			isa = PBXGroup;
			children = (
				14BC61F22C3AD0F9007EDA07 /* CharactersAssemblyBuilder.swift */,
				14BC61CD2C31B480007EDA07 /* CharactersViewModel.swift */,
				14458D632C6CE649009C5912 /* CharacterCellViewModel.swift */,
				14EC44F62C3EE4970076AC4D /* View */,
			);
			path = Characters;
			sourceTree = "<group>";
		};
		14BC61C82C31B41C007EDA07 /* Favorites */ = {
			isa = PBXGroup;
			children = (
				14BC61F02C3AD0E5007EDA07 /* FavoritesAssemblyBuilder.swift */,
				14BC61D12C31B504007EDA07 /* FavoritesViewModel.swift */,
				14A2CA732C76333E008A7AFD /* View */,
			);
			path = Favorites;
			sourceTree = "<group>";
		};
		14BC61DD2C38663E007EDA07 /* Supporting files */ = {
			isa = PBXGroup;
			children = (
				14BC61AB2C316D4A007EDA07 /* AppDelegate.swift */,
				14BC61AD2C316D4A007EDA07 /* SceneDelegate.swift */,
				14BC61E72C39AB55007EDA07 /* Constants.swift */,
				14A2CA792C7784B5008A7AFD /* CoreDataModel.xcdatamodeld */,
				14BC61B42C316D4C007EDA07 /* Assets.xcassets */,
				14BC61B62C316D4C007EDA07 /* LaunchScreen.storyboard */,
				14BC61B92C316D4C007EDA07 /* Info.plist */,
			);
			path = "Supporting files";
			sourceTree = "<group>";
		};
		14BC61DE2C3867FF007EDA07 /* Coordinators */ = {
			isa = PBXGroup;
			children = (
				14BC61C22C31A61C007EDA07 /* Coordinator.swift */,
				14BC61C42C31A673007EDA07 /* AppCoordinator.swift */,
				14BC61D52C31BD12007EDA07 /* LaunchCoordinator.swift */,
				14BC61E92C3AB355007EDA07 /* MainTabBarCoordinator.swift */,
				14BC61CB2C31B473007EDA07 /* CharactersCoordinator.swift */,
				14458D582C651E84009C5912 /* DetailCoordinator.swift */,
				14BC61CF2C31B4F6007EDA07 /* FavouritesCoordinator.swift */,
			);
			path = Coordinators;
			sourceTree = "<group>";
		};
		14BC61DF2C38684C007EDA07 /* Module */ = {
			isa = PBXGroup;
			children = (
				14BC61EB2C3AB706007EDA07 /* Main */,
				14BC61C62C31B39E007EDA07 /* Launch */,
				14BC61C72C31B3BF007EDA07 /* Characters */,
				14458D532C63DB90009C5912 /* CharacterDetail */,
				14BC61C82C31B41C007EDA07 /* Favorites */,
			);
			path = Module;
			sourceTree = "<group>";
		};
		14BC61E02C38812A007EDA07 /* Dependencies */ = {
			isa = PBXGroup;
			children = (
				14BC61E12C38814D007EDA07 /* Dependencies.swift */,
				14BC61E52C3990C0007EDA07 /* ModuleContainer.swift */,
			);
			path = Dependencies;
			sourceTree = "<group>";
		};
		14BC61EB2C3AB706007EDA07 /* Main */ = {
			isa = PBXGroup;
			children = (
				14BC61EE2C3AB75A007EDA07 /* MainTabBarController.swift */,
			);
			path = Main;
			sourceTree = "<group>";
		};
		14EC44F62C3EE4970076AC4D /* View */ = {
			isa = PBXGroup;
			children = (
				14BC61C92C31B465007EDA07 /* CharactersViewController.swift */,
				14EC44F72C3EE6AF0076AC4D /* CharacterCell.swift */,
				14EC44F42C3C1E290076AC4D /* CharactersUI.swift */,
			);
			path = View;
			sourceTree = "<group>";
		};
		14FAAE0C2C7E02DD0031A055 /* RickAndMortyAppTests */ = {
			isa = PBXGroup;
			children = (
				14FAAE0D2C7E02DD0031A055 /* NetworkServiceTests.swift */,
				14FAAE1B2C8097970031A055 /* CharactersViewModelTests.swift */,
			);
			path = RickAndMortyAppTests;
			sourceTree = "<group>";
		};
		14FAAE142C7E399D0031A055 /* ImageCache */ = {
			isa = PBXGroup;
			children = (
				14FAAE152C7E39B90031A055 /* ImageCacheService.swift */,
			);
			path = ImageCache;
			sourceTree = "<group>";
		};
/* End PBXGroup section */

/* Begin PBXNativeTarget section */
		14BC61A72C316D4A007EDA07 /* RickAndMortyApp */ = {
			isa = PBXNativeTarget;
			buildConfigurationList = 14BC61BC2C316D4C007EDA07 /* Build configuration list for PBXNativeTarget "RickAndMortyApp" */;
			buildPhases = (
				14BC61A42C316D4A007EDA07 /* Sources */,
				14BC61A52C316D4A007EDA07 /* Frameworks */,
				14BC61A62C316D4A007EDA07 /* Resources */,
			);
			buildRules = (
			);
			dependencies = (
			);
			name = RickAndMortyApp;
			packageProductDependencies = (
				14458D4F2C5FD588009C5912 /* UIScrollView_InfiniteScroll */,
			);
			productName = RickAndMortyApp;
			productReference = 14BC61A82C316D4A007EDA07 /* RickAndMortyApp.app */;
			productType = "com.apple.product-type.application";
		};
		14FAAE0A2C7E02DD0031A055 /* RickAndMortyAppTests */ = {
			isa = PBXNativeTarget;
			buildConfigurationList = 14FAAE132C7E02DD0031A055 /* Build configuration list for PBXNativeTarget "RickAndMortyAppTests" */;
			buildPhases = (
				14FAAE072C7E02DD0031A055 /* Sources */,
				14FAAE082C7E02DD0031A055 /* Frameworks */,
				14FAAE092C7E02DD0031A055 /* Resources */,
			);
			buildRules = (
			);
			dependencies = (
				14FAAE102C7E02DD0031A055 /* PBXTargetDependency */,
			);
			name = RickAndMortyAppTests;
			productName = RickAndMortyAppTests;
			productReference = 14FAAE0B2C7E02DD0031A055 /* RickAndMortyAppTests.xctest */;
			productType = "com.apple.product-type.bundle.unit-test";
		};
/* End PBXNativeTarget section */

/* Begin PBXProject section */
		14BC61A02C316D4A007EDA07 /* Project object */ = {
			isa = PBXProject;
			attributes = {
				BuildIndependentTargetsInParallel = 1;
				LastSwiftUpdateCheck = 1540;
				LastUpgradeCheck = 1530;
				TargetAttributes = {
					14BC61A72C316D4A007EDA07 = {
						CreatedOnToolsVersion = 15.3;
					};
					14FAAE0A2C7E02DD0031A055 = {
						CreatedOnToolsVersion = 15.4;
						TestTargetID = 14BC61A72C316D4A007EDA07;
					};
				};
			};
			buildConfigurationList = 14BC61A32C316D4A007EDA07 /* Build configuration list for PBXProject "RickAndMortyApp" */;
			compatibilityVersion = "Xcode 14.0";
			developmentRegion = en;
			hasScannedForEncodings = 0;
			knownRegions = (
				en,
				Base,
			);
			mainGroup = 14BC619F2C316D4A007EDA07;
			packageReferences = (
				14458D4E2C5FD588009C5912 /* XCRemoteSwiftPackageReference "UIScrollView-InfiniteScroll" */,
			);
			productRefGroup = 14BC61A92C316D4A007EDA07 /* Products */;
			projectDirPath = "";
			projectRoot = "";
			targets = (
				14BC61A72C316D4A007EDA07 /* RickAndMortyApp */,
				14FAAE0A2C7E02DD0031A055 /* RickAndMortyAppTests */,
			);
		};
/* End PBXProject section */

/* Begin PBXResourcesBuildPhase section */
		14BC61A62C316D4A007EDA07 /* Resources */ = {
			isa = PBXResourcesBuildPhase;
			buildActionMask = 2147483647;
			files = (
				14BC61B52C316D4C007EDA07 /* Assets.xcassets in Resources */,
				14BC61B82C316D4C007EDA07 /* Base in Resources */,
			);
			runOnlyForDeploymentPostprocessing = 0;
		};
		14FAAE092C7E02DD0031A055 /* Resources */ = {
			isa = PBXResourcesBuildPhase;
			buildActionMask = 2147483647;
			files = (
			);
			runOnlyForDeploymentPostprocessing = 0;
		};
/* End PBXResourcesBuildPhase section */

/* Begin PBXSourcesBuildPhase section */
		14BC61A42C316D4A007EDA07 /* Sources */ = {
			isa = PBXSourcesBuildPhase;
			buildActionMask = 2147483647;
			files = (
				14458D4B2C492543009C5912 /* CharactersResult.swift in Sources */,
				14BC61E22C38814D007EDA07 /* Dependencies.swift in Sources */,
				14458D572C63DC21009C5912 /* DetailAssemblyBuilder.swift in Sources */,
				14458D642C6CE649009C5912 /* CharacterCellViewModel.swift in Sources */,
				14A2CA872C788F7D008A7AFD /* CharactersDataSource.swift in Sources */,
				14A2CA9F2C78C68B008A7AFD /* CharactersRepository.swift in Sources */,
				14BC61E82C39AB55007EDA07 /* Constants.swift in Sources */,
				14A2CAA62C7A0976008A7AFD /* CharacterEntity+CoreDataProperties.swift in Sources */,
				14BC61EF2C3AB75A007EDA07 /* MainTabBarController.swift in Sources */,
				14A2CA892C789044008A7AFD /* CharactersDataSourceImpl.swift in Sources */,
				14BC61E42C3881ED007EDA07 /* LaunchViewController.swift in Sources */,
				14BC61EA2C3AB355007EDA07 /* MainTabBarCoordinator.swift in Sources */,
				14A2CA7B2C7784B5008A7AFD /* CoreDataModel.xcdatamodeld in Sources */,
				14A2CAAA2C7A0A3B008A7AFD /* LocationEntity+CoreDataClass.swift in Sources */,
				14A2CAAB2C7A0A3B008A7AFD /* LocationEntity+CoreDataProperties.swift in Sources */,
				14BC61D22C31B504007EDA07 /* FavoritesViewModel.swift in Sources */,
				14A2CA722C763338008A7AFD /* FavoritesUI.swift in Sources */,
				14FAAE162C7E39B90031A055 /* ImageCacheService.swift in Sources */,
				14458D5C2C6526F1009C5912 /* DetailUI.swift in Sources */,
				14BC61CA2C31B465007EDA07 /* CharactersViewController.swift in Sources */,
				14458D592C651E84009C5912 /* DetailCoordinator.swift in Sources */,
				14BC61CC2C31B473007EDA07 /* CharactersCoordinator.swift in Sources */,
				14458D522C63D7A8009C5912 /* DetailViewController.swift in Sources */,
				14458D4D2C4FA63E009C5912 /* Episode.swift in Sources */,
				14BC61D02C31B4F6007EDA07 /* FavouritesCoordinator.swift in Sources */,
				14BC61CE2C31B480007EDA07 /* CharactersViewModel.swift in Sources */,
				14458D552C63DBDC009C5912 /* DetailViewModel.swift in Sources */,
				143412F32C42980200F48889 /* Endpoint.swift in Sources */,
				14BC61DA2C3328CC007EDA07 /* AssemblyBuilder.swift in Sources */,
				14EC44F52C3C1E290076AC4D /* CharactersUI.swift in Sources */,
				14BC61D62C31BD12007EDA07 /* LaunchCoordinator.swift in Sources */,
				14BC61E62C3990C0007EDA07 /* ModuleContainer.swift in Sources */,
				143412F62C42C61500F48889 /* NetworkService.swift in Sources */,
				14458D602C679553009C5912 /* InfoTableViewCell.swift in Sources */,
				14A2CAA32C78CC8B008A7AFD /* CharactersRepositoryImpl.swift in Sources */,
				14BC61F12C3AD0E5007EDA07 /* FavoritesAssemblyBuilder.swift in Sources */,
				14BC61C52C31A673007EDA07 /* AppCoordinator.swift in Sources */,
				14BC61AC2C316D4A007EDA07 /* AppDelegate.swift in Sources */,
				14BC61F32C3AD0F9007EDA07 /* CharactersAssemblyBuilder.swift in Sources */,
				14BC61DC2C332900007EDA07 /* LauchAssemblyBuilder.swift in Sources */,
				14A2CA962C78AC0B008A7AFD /* CharacterEntity+CoreDataClass.swift in Sources */,
				14BC61C32C31A61C007EDA07 /* Coordinator.swift in Sources */,
				14BC61AE2C316D4A007EDA07 /* SceneDelegate.swift in Sources */,
				14A2CAA12C78C76C008A7AFD /* CharactersError.swift in Sources */,
				14458D482C47CC6D009C5912 /* NetworkError.swift in Sources */,
				14EC44F82C3EE6AF0076AC4D /* CharacterCell.swift in Sources */,
				14BC61D42C31B514007EDA07 /* FavoritesViewContorller.swift in Sources */,
			);
			runOnlyForDeploymentPostprocessing = 0;
		};
		14FAAE072C7E02DD0031A055 /* Sources */ = {
			isa = PBXSourcesBuildPhase;
			buildActionMask = 2147483647;
			files = (
				14FAAE1C2C8097970031A055 /* CharactersViewModelTests.swift in Sources */,
				14FAAE0E2C7E02DD0031A055 /* NetworkServiceTests.swift in Sources */,
			);
			runOnlyForDeploymentPostprocessing = 0;
		};
/* End PBXSourcesBuildPhase section */

/* Begin PBXTargetDependency section */
		14FAAE102C7E02DD0031A055 /* PBXTargetDependency */ = {
			isa = PBXTargetDependency;
			target = 14BC61A72C316D4A007EDA07 /* RickAndMortyApp */;
			targetProxy = 14FAAE0F2C7E02DD0031A055 /* PBXContainerItemProxy */;
		};
/* End PBXTargetDependency section */

/* Begin PBXVariantGroup section */
		14BC61B62C316D4C007EDA07 /* LaunchScreen.storyboard */ = {
			isa = PBXVariantGroup;
			children = (
				14BC61B72C316D4C007EDA07 /* Base */,
			);
			name = LaunchScreen.storyboard;
			sourceTree = "<group>";
		};
/* End PBXVariantGroup section */

/* Begin XCBuildConfiguration section */
		14BC61BA2C316D4C007EDA07 /* Debug */ = {
			isa = XCBuildConfiguration;
			buildSettings = {
				ALWAYS_SEARCH_USER_PATHS = NO;
				ASSETCATALOG_COMPILER_GENERATE_SWIFT_ASSET_SYMBOL_EXTENSIONS = YES;
				CLANG_ANALYZER_NONNULL = YES;
				CLANG_ANALYZER_NUMBER_OBJECT_CONVERSION = YES_AGGRESSIVE;
				CLANG_CXX_LANGUAGE_STANDARD = "gnu++20";
				CLANG_ENABLE_MODULES = YES;
				CLANG_ENABLE_OBJC_ARC = YES;
				CLANG_ENABLE_OBJC_WEAK = YES;
				CLANG_WARN_BLOCK_CAPTURE_AUTORELEASING = YES;
				CLANG_WARN_BOOL_CONVERSION = YES;
				CLANG_WARN_COMMA = YES;
				CLANG_WARN_CONSTANT_CONVERSION = YES;
				CLANG_WARN_DEPRECATED_OBJC_IMPLEMENTATIONS = YES;
				CLANG_WARN_DIRECT_OBJC_ISA_USAGE = YES_ERROR;
				CLANG_WARN_DOCUMENTATION_COMMENTS = YES;
				CLANG_WARN_EMPTY_BODY = YES;
				CLANG_WARN_ENUM_CONVERSION = YES;
				CLANG_WARN_INFINITE_RECURSION = YES;
				CLANG_WARN_INT_CONVERSION = YES;
				CLANG_WARN_NON_LITERAL_NULL_CONVERSION = YES;
				CLANG_WARN_OBJC_IMPLICIT_RETAIN_SELF = YES;
				CLANG_WARN_OBJC_LITERAL_CONVERSION = YES;
				CLANG_WARN_OBJC_ROOT_CLASS = YES_ERROR;
				CLANG_WARN_QUOTED_INCLUDE_IN_FRAMEWORK_HEADER = YES;
				CLANG_WARN_RANGE_LOOP_ANALYSIS = YES;
				CLANG_WARN_STRICT_PROTOTYPES = YES;
				CLANG_WARN_SUSPICIOUS_MOVE = YES;
				CLANG_WARN_UNGUARDED_AVAILABILITY = YES_AGGRESSIVE;
				CLANG_WARN_UNREACHABLE_CODE = YES;
				CLANG_WARN__DUPLICATE_METHOD_MATCH = YES;
				COPY_PHASE_STRIP = NO;
				DEBUG_INFORMATION_FORMAT = dwarf;
				ENABLE_STRICT_OBJC_MSGSEND = YES;
				ENABLE_TESTABILITY = YES;
				ENABLE_USER_SCRIPT_SANDBOXING = YES;
				GCC_C_LANGUAGE_STANDARD = gnu17;
				GCC_DYNAMIC_NO_PIC = NO;
				GCC_NO_COMMON_BLOCKS = YES;
				GCC_OPTIMIZATION_LEVEL = 0;
				GCC_PREPROCESSOR_DEFINITIONS = (
					"DEBUG=1",
					"$(inherited)",
				);
				GCC_WARN_64_TO_32_BIT_CONVERSION = YES;
				GCC_WARN_ABOUT_RETURN_TYPE = YES_ERROR;
				GCC_WARN_UNDECLARED_SELECTOR = YES;
				GCC_WARN_UNINITIALIZED_AUTOS = YES_AGGRESSIVE;
				GCC_WARN_UNUSED_FUNCTION = YES;
				GCC_WARN_UNUSED_VARIABLE = YES;
				IPHONEOS_DEPLOYMENT_TARGET = 17.0;
				LOCALIZATION_PREFERS_STRING_CATALOGS = YES;
				MTL_ENABLE_DEBUG_INFO = INCLUDE_SOURCE;
				MTL_FAST_MATH = YES;
				ONLY_ACTIVE_ARCH = YES;
				SDKROOT = iphoneos;
				SWIFT_ACTIVE_COMPILATION_CONDITIONS = "DEBUG $(inherited)";
				SWIFT_OPTIMIZATION_LEVEL = "-Onone";
			};
			name = Debug;
		};
		14BC61BB2C316D4C007EDA07 /* Release */ = {
			isa = XCBuildConfiguration;
			buildSettings = {
				ALWAYS_SEARCH_USER_PATHS = NO;
				ASSETCATALOG_COMPILER_GENERATE_SWIFT_ASSET_SYMBOL_EXTENSIONS = YES;
				CLANG_ANALYZER_NONNULL = YES;
				CLANG_ANALYZER_NUMBER_OBJECT_CONVERSION = YES_AGGRESSIVE;
				CLANG_CXX_LANGUAGE_STANDARD = "gnu++20";
				CLANG_ENABLE_MODULES = YES;
				CLANG_ENABLE_OBJC_ARC = YES;
				CLANG_ENABLE_OBJC_WEAK = YES;
				CLANG_WARN_BLOCK_CAPTURE_AUTORELEASING = YES;
				CLANG_WARN_BOOL_CONVERSION = YES;
				CLANG_WARN_COMMA = YES;
				CLANG_WARN_CONSTANT_CONVERSION = YES;
				CLANG_WARN_DEPRECATED_OBJC_IMPLEMENTATIONS = YES;
				CLANG_WARN_DIRECT_OBJC_ISA_USAGE = YES_ERROR;
				CLANG_WARN_DOCUMENTATION_COMMENTS = YES;
				CLANG_WARN_EMPTY_BODY = YES;
				CLANG_WARN_ENUM_CONVERSION = YES;
				CLANG_WARN_INFINITE_RECURSION = YES;
				CLANG_WARN_INT_CONVERSION = YES;
				CLANG_WARN_NON_LITERAL_NULL_CONVERSION = YES;
				CLANG_WARN_OBJC_IMPLICIT_RETAIN_SELF = YES;
				CLANG_WARN_OBJC_LITERAL_CONVERSION = YES;
				CLANG_WARN_OBJC_ROOT_CLASS = YES_ERROR;
				CLANG_WARN_QUOTED_INCLUDE_IN_FRAMEWORK_HEADER = YES;
				CLANG_WARN_RANGE_LOOP_ANALYSIS = YES;
				CLANG_WARN_STRICT_PROTOTYPES = YES;
				CLANG_WARN_SUSPICIOUS_MOVE = YES;
				CLANG_WARN_UNGUARDED_AVAILABILITY = YES_AGGRESSIVE;
				CLANG_WARN_UNREACHABLE_CODE = YES;
				CLANG_WARN__DUPLICATE_METHOD_MATCH = YES;
				COPY_PHASE_STRIP = NO;
				DEBUG_INFORMATION_FORMAT = "dwarf-with-dsym";
				ENABLE_NS_ASSERTIONS = NO;
				ENABLE_STRICT_OBJC_MSGSEND = YES;
				ENABLE_USER_SCRIPT_SANDBOXING = YES;
				GCC_C_LANGUAGE_STANDARD = gnu17;
				GCC_NO_COMMON_BLOCKS = YES;
				GCC_WARN_64_TO_32_BIT_CONVERSION = YES;
				GCC_WARN_ABOUT_RETURN_TYPE = YES_ERROR;
				GCC_WARN_UNDECLARED_SELECTOR = YES;
				GCC_WARN_UNINITIALIZED_AUTOS = YES_AGGRESSIVE;
				GCC_WARN_UNUSED_FUNCTION = YES;
				GCC_WARN_UNUSED_VARIABLE = YES;
				IPHONEOS_DEPLOYMENT_TARGET = 17.0;
				LOCALIZATION_PREFERS_STRING_CATALOGS = YES;
				MTL_ENABLE_DEBUG_INFO = NO;
				MTL_FAST_MATH = YES;
				SDKROOT = iphoneos;
				SWIFT_COMPILATION_MODE = wholemodule;
				VALIDATE_PRODUCT = YES;
			};
			name = Release;
		};
		14BC61BD2C316D4C007EDA07 /* Debug */ = {
			isa = XCBuildConfiguration;
			buildSettings = {
				ASSETCATALOG_COMPILER_APPICON_NAME = AppIcon;
				ASSETCATALOG_COMPILER_GLOBAL_ACCENT_COLOR_NAME = AccentColor;
				CODE_SIGN_STYLE = Automatic;
				CURRENT_PROJECT_VERSION = 1;
				DEVELOPMENT_TEAM = NXC24T55BM;
				GENERATE_INFOPLIST_FILE = YES;
				INFOPLIST_FILE = "RickAndMortyApp/Supporting files/Info.plist";
				INFOPLIST_KEY_UIApplicationSupportsIndirectInputEvents = YES;
				INFOPLIST_KEY_UILaunchStoryboardName = LaunchScreen;
				INFOPLIST_KEY_UISupportedInterfaceOrientations = UIInterfaceOrientationPortrait;
				INFOPLIST_KEY_UISupportedInterfaceOrientations_iPad = "UIInterfaceOrientationLandscapeLeft UIInterfaceOrientationLandscapeRight UIInterfaceOrientationPortrait UIInterfaceOrientationPortraitUpsideDown";
				IPHONEOS_DEPLOYMENT_TARGET = 17.0;
				LD_RUNPATH_SEARCH_PATHS = (
					"$(inherited)",
					"@executable_path/Frameworks",
				);
				MARKETING_VERSION = 1.0;
				PRODUCT_BUNDLE_IDENTIFIER = rusl.RickAndMortyApp;
				PRODUCT_NAME = "$(TARGET_NAME)";
				SWIFT_EMIT_LOC_STRINGS = YES;
				SWIFT_VERSION = 5.0;
				TARGETED_DEVICE_FAMILY = "1,2";
			};
			name = Debug;
		};
		14BC61BE2C316D4C007EDA07 /* Release */ = {
			isa = XCBuildConfiguration;
			buildSettings = {
				ASSETCATALOG_COMPILER_APPICON_NAME = AppIcon;
				ASSETCATALOG_COMPILER_GLOBAL_ACCENT_COLOR_NAME = AccentColor;
				CODE_SIGN_STYLE = Automatic;
				CURRENT_PROJECT_VERSION = 1;
				DEVELOPMENT_TEAM = NXC24T55BM;
				GENERATE_INFOPLIST_FILE = YES;
				INFOPLIST_FILE = "RickAndMortyApp/Supporting files/Info.plist";
				INFOPLIST_KEY_UIApplicationSupportsIndirectInputEvents = YES;
				INFOPLIST_KEY_UILaunchStoryboardName = LaunchScreen;
				INFOPLIST_KEY_UISupportedInterfaceOrientations = UIInterfaceOrientationPortrait;
				INFOPLIST_KEY_UISupportedInterfaceOrientations_iPad = "UIInterfaceOrientationLandscapeLeft UIInterfaceOrientationLandscapeRight UIInterfaceOrientationPortrait UIInterfaceOrientationPortraitUpsideDown";
				IPHONEOS_DEPLOYMENT_TARGET = 17.0;
				LD_RUNPATH_SEARCH_PATHS = (
					"$(inherited)",
					"@executable_path/Frameworks",
				);
				MARKETING_VERSION = 1.0;
				PRODUCT_BUNDLE_IDENTIFIER = rusl.RickAndMortyApp;
				PRODUCT_NAME = "$(TARGET_NAME)";
				SWIFT_EMIT_LOC_STRINGS = YES;
				SWIFT_VERSION = 5.0;
				TARGETED_DEVICE_FAMILY = "1,2";
			};
			name = Release;
		};
		14FAAE112C7E02DD0031A055 /* Debug */ = {
			isa = XCBuildConfiguration;
			buildSettings = {
				BUNDLE_LOADER = "$(TEST_HOST)";
				CODE_SIGN_STYLE = Automatic;
				CURRENT_PROJECT_VERSION = 1;
				DEVELOPMENT_TEAM = NXC24T55BM;
				GENERATE_INFOPLIST_FILE = YES;
				IPHONEOS_DEPLOYMENT_TARGET = 17.0;
				MARKETING_VERSION = 1.0;
				PRODUCT_BUNDLE_IDENTIFIER = rusl.RickAndMortyAppTests;
				PRODUCT_NAME = "$(TARGET_NAME)";
				SWIFT_EMIT_LOC_STRINGS = NO;
				SWIFT_VERSION = 5.0;
				TARGETED_DEVICE_FAMILY = "1,2";
				TEST_HOST = "$(BUILT_PRODUCTS_DIR)/RickAndMortyApp.app/$(BUNDLE_EXECUTABLE_FOLDER_PATH)/RickAndMortyApp";
			};
			name = Debug;
		};
		14FAAE122C7E02DD0031A055 /* Release */ = {
			isa = XCBuildConfiguration;
			buildSettings = {
				BUNDLE_LOADER = "$(TEST_HOST)";
				CODE_SIGN_STYLE = Automatic;
				CURRENT_PROJECT_VERSION = 1;
				DEVELOPMENT_TEAM = NXC24T55BM;
				GENERATE_INFOPLIST_FILE = YES;
				IPHONEOS_DEPLOYMENT_TARGET = 17.0;
				MARKETING_VERSION = 1.0;
				PRODUCT_BUNDLE_IDENTIFIER = rusl.RickAndMortyAppTests;
				PRODUCT_NAME = "$(TARGET_NAME)";
				SWIFT_EMIT_LOC_STRINGS = NO;
				SWIFT_VERSION = 5.0;
				TARGETED_DEVICE_FAMILY = "1,2";
				TEST_HOST = "$(BUILT_PRODUCTS_DIR)/RickAndMortyApp.app/$(BUNDLE_EXECUTABLE_FOLDER_PATH)/RickAndMortyApp";
			};
			name = Release;
		};
/* End XCBuildConfiguration section */

/* Begin XCConfigurationList section */
		14BC61A32C316D4A007EDA07 /* Build configuration list for PBXProject "RickAndMortyApp" */ = {
			isa = XCConfigurationList;
			buildConfigurations = (
				14BC61BA2C316D4C007EDA07 /* Debug */,
				14BC61BB2C316D4C007EDA07 /* Release */,
			);
			defaultConfigurationIsVisible = 0;
			defaultConfigurationName = Release;
		};
		14BC61BC2C316D4C007EDA07 /* Build configuration list for PBXNativeTarget "RickAndMortyApp" */ = {
			isa = XCConfigurationList;
			buildConfigurations = (
				14BC61BD2C316D4C007EDA07 /* Debug */,
				14BC61BE2C316D4C007EDA07 /* Release */,
			);
			defaultConfigurationIsVisible = 0;
			defaultConfigurationName = Release;
		};
		14FAAE132C7E02DD0031A055 /* Build configuration list for PBXNativeTarget "RickAndMortyAppTests" */ = {
			isa = XCConfigurationList;
			buildConfigurations = (
				14FAAE112C7E02DD0031A055 /* Debug */,
				14FAAE122C7E02DD0031A055 /* Release */,
			);
			defaultConfigurationIsVisible = 0;
			defaultConfigurationName = Release;
		};
/* End XCConfigurationList section */

/* Begin XCRemoteSwiftPackageReference section */
		14458D4E2C5FD588009C5912 /* XCRemoteSwiftPackageReference "UIScrollView-InfiniteScroll" */ = {
			isa = XCRemoteSwiftPackageReference;
			repositoryURL = "https://github.com/pronebird/UIScrollView-InfiniteScroll";
			requirement = {
				kind = upToNextMajorVersion;
				minimumVersion = 1.3.0;
			};
		};
/* End XCRemoteSwiftPackageReference section */

/* Begin XCSwiftPackageProductDependency section */
		14458D4F2C5FD588009C5912 /* UIScrollView_InfiniteScroll */ = {
			isa = XCSwiftPackageProductDependency;
			package = 14458D4E2C5FD588009C5912 /* XCRemoteSwiftPackageReference "UIScrollView-InfiniteScroll" */;
			productName = UIScrollView_InfiniteScroll;
		};
/* End XCSwiftPackageProductDependency section */

/* Begin XCVersionGroup section */
		14A2CA792C7784B5008A7AFD /* CoreDataModel.xcdatamodeld */ = {
			isa = XCVersionGroup;
			children = (
				14A2CA7A2C7784B5008A7AFD /* CoreDataModel.xcdatamodel */,
			);
			currentVersion = 14A2CA7A2C7784B5008A7AFD /* CoreDataModel.xcdatamodel */;
			path = CoreDataModel.xcdatamodeld;
			sourceTree = "<group>";
			versionGroupType = wrapper.xcdatamodel;
		};
/* End XCVersionGroup section */
	};
	rootObject = 14BC61A02C316D4A007EDA07 /* Project object */;
}
